
Microsoft Visual Studio Solution File, Format Version 12.00
# Visual Studio Version 16
VisualStudioVersion = 16.0.31729.503
MinimumVisualStudioVersion = 10.0.40219.1
Project("{9A19103F-16F7-4668-BE54-9A1E7A4F7556}") = "AVL-Tree", "AVL-Tree\AVL-Tree.csproj", "{DEDB5906-B84A-4722-B6B2-F59098D8A6B1}"
EndProject
Project("{FAE04EC0-301F-11D3-BF4B-00C04F79EFBC}") = "SplayTree", "SplayTree\SplayTree.csproj", "{FED0241E-4430-4F08-B153-077CC7B01392}"
EndProject
Project("{FAE04EC0-301F-11D3-BF4B-00C04F79EFBC}") = "BinaryTree", "BinaryTree\BinaryTree.csproj", "{DBCF188D-D0DF-41A7-8B88-F2522A2E9E95}"
EndProject
Global
	GlobalSection(SolutionConfigurationPlatforms) = preSolution
		Debug|Any CPU = Debug|Any CPU
		Release|Any CPU = Release|Any CPU
	EndGlobalSection
	GlobalSection(ProjectConfigurationPlatforms) = postSolution
		{DEDB5906-B84A-4722-B6B2-F59098D8A6B1}.Debug|Any CPU.ActiveCfg = Debug|Any CPU
		{DEDB5906-B84A-4722-B6B2-F59098D8A6B1}.Debug|Any CPU.Build.0 = Debug|Any CPU
		{DEDB5906-B84A-4722-B6B2-F59098D8A6B1}.Release|Any CPU.ActiveCfg = Release|Any CPU
		{DEDB5906-B84A-4722-B6B2-F59098D8A6B1}.Release|Any CPU.Build.0 = Release|Any CPU
		{FED0241E-4430-4F08-B153-077CC7B01392}.Debug|Any CPU.ActiveCfg = Debug|Any CPU
		{FED0241E-4430-4F08-B153-077CC7B01392}.Debug|Any CPU.Build.0 = Debug|Any CPU
		{FED0241E-4430-4F08-B153-077CC7B01392}.Release|Any CPU.ActiveCfg = Release|Any CPU
		{FED0241E-4430-4F08-B153-077CC7B01392}.Release|Any CPU.Build.0 = Release|Any CPU
		{DBCF188D-D0DF-41A7-8B88-F2522A2E9E95}.Debug|Any CPU.ActiveCfg = Debug|Any CPU
		{DBCF188D-D0DF-41A7-8B88-F2522A2E9E95}.Debug|Any CPU.Build.0 = Debug|Any CPU
		{DBCF188D-D0DF-41A7-8B88-F2522A2E9E95}.Release|Any CPU.ActiveCfg = Release|Any CPU
		{DBCF188D-D0DF-41A7-8B88-F2522A2E9E95}.Release|Any CPU.Build.0 = Release|Any CPU
	EndGlobalSection
	GlobalSection(SolutionProperties) = preSolution
		HideSolutionNode = FALSE
	EndGlobalSection
	GlobalSection(ExtensibilityGlobals) = postSolution
		SolutionGuid = {DFC42B64-7BF6-4E66-97E8-5B2729614870}
	EndGlobalSection
EndGlobal
